
Microsoft Visual Studio Solution File, Format Version 12.00
# Visual Studio 14
VisualStudioVersion = 14.0.25420.1
MinimumVisualStudioVersion = 10.0.40219.1
Project("{FAE04EC0-301F-11D3-BF4B-00C04F79EFBC}") = "Fibbonachy_s", "Fibbonachy_s\Fibbonachy_s.csproj", "{17707838-6837-4A17-9B1B-6C7524B4AC92}"
EndProject
Project("{FAE04EC0-301F-11D3-BF4B-00C04F79EFBC}") = "NUnit.FibbonachyTests1", "NUnit.FibbonachyTests1\NUnit.FibbonachyTests1.csproj", "{8EDF4429-251A-416D-BB68-93F227191BCF}"
EndProject
Project("{FAE04EC0-301F-11D3-BF4B-00C04F79EFBC}") = "Set", "Set\Set.csproj", "{AF6088F7-6F06-49F1-BCEE-09C6F5615946}"
EndProject
Project("{FAE04EC0-301F-11D3-BF4B-00C04F79EFBC}") = "Matrix", "Matrix\Matrix.csproj", "{3737032C-36BD-4C02-810A-D807B66B5674}"
EndProject
Project("{FAE04EC0-301F-11D3-BF4B-00C04F79EFBC}") = "BinaryTree", "BinaryTree\BinaryTree.csproj", "{B6C07F66-8E4E-41FD-A80E-C1FC03680CD3}"
EndProject
Global
	GlobalSection(SolutionConfigurationPlatforms) = preSolution
		Debug|Any CPU = Debug|Any CPU
		Release|Any CPU = Release|Any CPU
	EndGlobalSection
	GlobalSection(ProjectConfigurationPlatforms) = postSolution
		{17707838-6837-4A17-9B1B-6C7524B4AC92}.Debug|Any CPU.ActiveCfg = Debug|Any CPU
		{17707838-6837-4A17-9B1B-6C7524B4AC92}.Debug|Any CPU.Build.0 = Debug|Any CPU
		{17707838-6837-4A17-9B1B-6C7524B4AC92}.Release|Any CPU.ActiveCfg = Release|Any CPU
		{17707838-6837-4A17-9B1B-6C7524B4AC92}.Release|Any CPU.Build.0 = Release|Any CPU
		{8EDF4429-251A-416D-BB68-93F227191BCF}.Debug|Any CPU.ActiveCfg = Debug|Any CPU
		{8EDF4429-251A-416D-BB68-93F227191BCF}.Debug|Any CPU.Build.0 = Debug|Any CPU
		{8EDF4429-251A-416D-BB68-93F227191BCF}.Release|Any CPU.ActiveCfg = Release|Any CPU
		{8EDF4429-251A-416D-BB68-93F227191BCF}.Release|Any CPU.Build.0 = Release|Any CPU
		{AF6088F7-6F06-49F1-BCEE-09C6F5615946}.Debug|Any CPU.ActiveCfg = Debug|Any CPU
		{AF6088F7-6F06-49F1-BCEE-09C6F5615946}.Debug|Any CPU.Build.0 = Debug|Any CPU
		{AF6088F7-6F06-49F1-BCEE-09C6F5615946}.Release|Any CPU.ActiveCfg = Release|Any CPU
		{AF6088F7-6F06-49F1-BCEE-09C6F5615946}.Release|Any CPU.Build.0 = Release|Any CPU
		{3737032C-36BD-4C02-810A-D807B66B5674}.Debug|Any CPU.ActiveCfg = Debug|Any CPU
		{3737032C-36BD-4C02-810A-D807B66B5674}.Debug|Any CPU.Build.0 = Debug|Any CPU
		{3737032C-36BD-4C02-810A-D807B66B5674}.Release|Any CPU.ActiveCfg = Release|Any CPU
		{3737032C-36BD-4C02-810A-D807B66B5674}.Release|Any CPU.Build.0 = Release|Any CPU
		{B6C07F66-8E4E-41FD-A80E-C1FC03680CD3}.Debug|Any CPU.ActiveCfg = Debug|Any CPU
		{B6C07F66-8E4E-41FD-A80E-C1FC03680CD3}.Debug|Any CPU.Build.0 = Debug|Any CPU
		{B6C07F66-8E4E-41FD-A80E-C1FC03680CD3}.Release|Any CPU.ActiveCfg = Release|Any CPU
		{B6C07F66-8E4E-41FD-A80E-C1FC03680CD3}.Release|Any CPU.Build.0 = Release|Any CPU
	EndGlobalSection
	GlobalSection(SolutionProperties) = preSolution
		HideSolutionNode = FALSE
	EndGlobalSection
EndGlobal
